// !$*UTF8*$!
{
	archiveVersion = 1;
	classes = {
	};
	objectVersion = 46;
	objects = {

/* Begin PBXBuildFile section */
		4E54092E1A53FF2800EBCD1F /* main.m in Sources */ = {isa = PBXBuildFile; fileRef = 4E54092D1A53FF2800EBCD1F /* main.m */; };
		4E5409311A53FF2800EBCD1F /* AppDelegate.m in Sources */ = {isa = PBXBuildFile; fileRef = 4E5409301A53FF2800EBCD1F /* AppDelegate.m */; };
		4E5409341A53FF2800EBCD1F /* ViewController.m in Sources */ = {isa = PBXBuildFile; fileRef = 4E5409331A53FF2800EBCD1F /* ViewController.m */; };
		4E5409371A53FF2800EBCD1F /* Main.storyboard in Resources */ = {isa = PBXBuildFile; fileRef = 4E5409351A53FF2800EBCD1F /* Main.storyboard */; };
		4E5409391A53FF2800EBCD1F /* Images.xcassets in Resources */ = {isa = PBXBuildFile; fileRef = 4E5409381A53FF2800EBCD1F /* Images.xcassets */; };
		4E54093C1A53FF2800EBCD1F /* LaunchScreen.xib in Resources */ = {isa = PBXBuildFile; fileRef = 4E54093A1A53FF2800EBCD1F /* LaunchScreen.xib */; };
		4E5409481A53FF2800EBCD1F /* NetConfigRequestTests.m in Sources */ = {isa = PBXBuildFile; fileRef = 4E5409471A53FF2800EBCD1F /* NetConfigRequestTests.m */; };
		4E9B1C431A70EC5500505C1D /* NetConfigDefaultReflect.m in Sources */ = {isa = PBXBuildFile; fileRef = 4E9B1C421A70EC5500505C1D /* NetConfigDefaultReflect.m */; };
		4E9B1C4C1A71020400505C1D /* checkout.reqconfig in Resources */ = {isa = PBXBuildFile; fileRef = 4E9B1C4B1A71020400505C1D /* checkout.reqconfig */; };
		4E9B1C511A7105F500505C1D /* NetConfigModelDefaultManagerTest.m in Sources */ = {isa = PBXBuildFile; fileRef = 4E9B1C501A7105F500505C1D /* NetConfigModelDefaultManagerTest.m */; };
		4E9B1C541A71084A00505C1D /* checkout.reqconfig in Resources */ = {isa = PBXBuildFile; fileRef = 4E9B1C531A71084A00505C1D /* checkout.reqconfig */; };
		4EF7AAC61A6CA51000F9C100 /* NSObject+Reflection.m in Sources */ = {isa = PBXBuildFile; fileRef = 4EF7AABA1A6CA51000F9C100 /* NSObject+Reflection.m */; };
		4EF7AAC71A6CA51000F9C100 /* ReadValue.m in Sources */ = {isa = PBXBuildFile; fileRef = 4EF7AABC1A6CA51000F9C100 /* ReadValue.m */; };
		4EF7AAC81A6CA51000F9C100 /* Reflection.m in Sources */ = {isa = PBXBuildFile; fileRef = 4EF7AABF1A6CA51000F9C100 /* Reflection.m */; };
		4EF7AAC91A6CA51000F9C100 /* ReflectionException.m in Sources */ = {isa = PBXBuildFile; fileRef = 4EF7AAC21A6CA51000F9C100 /* ReflectionException.m */; };
		4EF7AACA1A6CA51000F9C100 /* ReflectionProperty.m in Sources */ = {isa = PBXBuildFile; fileRef = 4EF7AAC51A6CA51000F9C100 /* ReflectionProperty.m */; };
		7974572F1A754046002EED75 /* NetConfigInput.m in Sources */ = {isa = PBXBuildFile; fileRef = 7974572E1A754046002EED75 /* NetConfigInput.m */; };
		7977D6E71A584F6300FDCC6C /* NetConfigModelDefaultManager.m in Sources */ = {isa = PBXBuildFile; fileRef = 7977D6D11A584F6300FDCC6C /* NetConfigModelDefaultManager.m */; };
		7977D6E91A584F6300FDCC6C /* NetConfigManager.m in Sources */ = {isa = PBXBuildFile; fileRef = 7977D6D71A584F6300FDCC6C /* NetConfigManager.m */; };
		7977D6EA1A584F6300FDCC6C /* NetConfigModel.m in Sources */ = {isa = PBXBuildFile; fileRef = 7977D6D91A584F6300FDCC6C /* NetConfigModel.m */; };
		7977D6EB1A584F6300FDCC6C /* AFNetWorkRequest.m in Sources */ = {isa = PBXBuildFile; fileRef = 7977D6E01A584F6300FDCC6C /* AFNetWorkRequest.m */; };
		7977D6EC1A584F6300FDCC6C /* NetConfigRequestDataDefaultManager.m in Sources */ = {isa = PBXBuildFile; fileRef = 7977D6E31A584F6300FDCC6C /* NetConfigRequestDataDefaultManager.m */; };
		7977D6ED1A584F6300FDCC6C /* NetConfigDefaultSign.m in Sources */ = {isa = PBXBuildFile; fileRef = 7977D6E61A584F6300FDCC6C /* NetConfigDefaultSign.m */; };
/* End PBXBuildFile section */

/* Begin PBXContainerItemProxy section */
		4E5409421A53FF2800EBCD1F /* PBXContainerItemProxy */ = {
			isa = PBXContainerItemProxy;
			containerPortal = 4E5409201A53FF2800EBCD1F /* Project object */;
			proxyType = 1;
			remoteGlobalIDString = 4E5409271A53FF2800EBCD1F;
			remoteInfo = NetConfigRequest;
		};
/* End PBXContainerItemProxy section */

/* Begin PBXFileReference section */
		4E5409281A53FF2800EBCD1F /* NetConfigRequest.app */ = {isa = PBXFileReference; explicitFileType = wrapper.application; includeInIndex = 0; path = NetConfigRequest.app; sourceTree = BUILT_PRODUCTS_DIR; };
		4E54092C1A53FF2800EBCD1F /* Info.plist */ = {isa = PBXFileReference; lastKnownFileType = text.plist.xml; path = Info.plist; sourceTree = "<group>"; };
		4E54092D1A53FF2800EBCD1F /* main.m */ = {isa = PBXFileReference; lastKnownFileType = sourcecode.c.objc; path = main.m; sourceTree = "<group>"; };
		4E54092F1A53FF2800EBCD1F /* AppDelegate.h */ = {isa = PBXFileReference; lastKnownFileType = sourcecode.c.h; path = AppDelegate.h; sourceTree = "<group>"; };
		4E5409301A53FF2800EBCD1F /* AppDelegate.m */ = {isa = PBXFileReference; lastKnownFileType = sourcecode.c.objc; path = AppDelegate.m; sourceTree = "<group>"; };
		4E5409321A53FF2800EBCD1F /* ViewController.h */ = {isa = PBXFileReference; lastKnownFileType = sourcecode.c.h; path = ViewController.h; sourceTree = "<group>"; };
		4E5409331A53FF2800EBCD1F /* ViewController.m */ = {isa = PBXFileReference; lastKnownFileType = sourcecode.c.objc; path = ViewController.m; sourceTree = "<group>"; };
		4E5409361A53FF2800EBCD1F /* Base */ = {isa = PBXFileReference; lastKnownFileType = file.storyboard; name = Base; path = Base.lproj/Main.storyboard; sourceTree = "<group>"; };
		4E5409381A53FF2800EBCD1F /* Images.xcassets */ = {isa = PBXFileReference; lastKnownFileType = folder.assetcatalog; path = Images.xcassets; sourceTree = "<group>"; };
		4E54093B1A53FF2800EBCD1F /* Base */ = {isa = PBXFileReference; lastKnownFileType = file.xib; name = Base; path = Base.lproj/LaunchScreen.xib; sourceTree = "<group>"; };
		4E5409411A53FF2800EBCD1F /* NetConfigRequestTests.xctest */ = {isa = PBXFileReference; explicitFileType = wrapper.cfbundle; includeInIndex = 0; path = NetConfigRequestTests.xctest; sourceTree = BUILT_PRODUCTS_DIR; };
		4E5409461A53FF2800EBCD1F /* Info.plist */ = {isa = PBXFileReference; lastKnownFileType = text.plist.xml; path = Info.plist; sourceTree = "<group>"; };
		4E5409471A53FF2800EBCD1F /* NetConfigRequestTests.m */ = {isa = PBXFileReference; lastKnownFileType = sourcecode.c.objc; path = NetConfigRequestTests.m; sourceTree = "<group>"; };
		4E9B1C411A70EC5500505C1D /* NetConfigDefaultReflect.h */ = {isa = PBXFileReference; fileEncoding = 4; lastKnownFileType = sourcecode.c.h; path = NetConfigDefaultReflect.h; sourceTree = "<group>"; };
		4E9B1C421A70EC5500505C1D /* NetConfigDefaultReflect.m */ = {isa = PBXFileReference; fileEncoding = 4; lastKnownFileType = sourcecode.c.objc; path = NetConfigDefaultReflect.m; sourceTree = "<group>"; };
		4E9B1C451A70ECF700505C1D /* NetConfigReflectProtocol.h */ = {isa = PBXFileReference; fileEncoding = 4; lastKnownFileType = sourcecode.c.h; path = NetConfigReflectProtocol.h; sourceTree = "<group>"; };
		4E9B1C4B1A71020400505C1D /* checkout.reqconfig */ = {isa = PBXFileReference; fileEncoding = 4; lastKnownFileType = text; path = checkout.reqconfig; sourceTree = "<group>"; };
		4E9B1C4F1A7105F500505C1D /* NetConfigModelDefaultManagerTest.h */ = {isa = PBXFileReference; fileEncoding = 4; lastKnownFileType = sourcecode.c.h; path = NetConfigModelDefaultManagerTest.h; sourceTree = "<group>"; };
		4E9B1C501A7105F500505C1D /* NetConfigModelDefaultManagerTest.m */ = {isa = PBXFileReference; fileEncoding = 4; lastKnownFileType = sourcecode.c.objc; path = NetConfigModelDefaultManagerTest.m; sourceTree = "<group>"; };
		4E9B1C531A71084A00505C1D /* checkout.reqconfig */ = {isa = PBXFileReference; fileEncoding = 4; lastKnownFileType = text; path = checkout.reqconfig; sourceTree = "<group>"; };
		4EF7AAB91A6CA51000F9C100 /* NSObject+Reflection.h */ = {isa = PBXFileReference; fileEncoding = 4; lastKnownFileType = sourcecode.c.h; path = "NSObject+Reflection.h"; sourceTree = "<group>"; };
		4EF7AABA1A6CA51000F9C100 /* NSObject+Reflection.m */ = {isa = PBXFileReference; fileEncoding = 4; lastKnownFileType = sourcecode.c.objc; path = "NSObject+Reflection.m"; sourceTree = "<group>"; };
		4EF7AABB1A6CA51000F9C100 /* ReadValue.h */ = {isa = PBXFileReference; fileEncoding = 4; lastKnownFileType = sourcecode.c.h; path = ReadValue.h; sourceTree = "<group>"; };
		4EF7AABC1A6CA51000F9C100 /* ReadValue.m */ = {isa = PBXFileReference; fileEncoding = 4; lastKnownFileType = sourcecode.c.objc; path = ReadValue.m; sourceTree = "<group>"; };
		4EF7AABD1A6CA51000F9C100 /* ReflectHeader.h */ = {isa = PBXFileReference; fileEncoding = 4; lastKnownFileType = sourcecode.c.h; path = ReflectHeader.h; sourceTree = "<group>"; };
		4EF7AABE1A6CA51000F9C100 /* Reflection.h */ = {isa = PBXFileReference; fileEncoding = 4; lastKnownFileType = sourcecode.c.h; path = Reflection.h; sourceTree = "<group>"; };
		4EF7AABF1A6CA51000F9C100 /* Reflection.m */ = {isa = PBXFileReference; fileEncoding = 4; lastKnownFileType = sourcecode.c.objc; path = Reflection.m; sourceTree = "<group>"; };
		4EF7AAC01A6CA51000F9C100 /* ReflectionDefine.h */ = {isa = PBXFileReference; fileEncoding = 4; lastKnownFileType = sourcecode.c.h; path = ReflectionDefine.h; sourceTree = "<group>"; };
		4EF7AAC11A6CA51000F9C100 /* ReflectionException.h */ = {isa = PBXFileReference; fileEncoding = 4; lastKnownFileType = sourcecode.c.h; path = ReflectionException.h; sourceTree = "<group>"; };
		4EF7AAC21A6CA51000F9C100 /* ReflectionException.m */ = {isa = PBXFileReference; fileEncoding = 4; lastKnownFileType = sourcecode.c.objc; path = ReflectionException.m; sourceTree = "<group>"; };
		4EF7AAC31A6CA51000F9C100 /* ReflectionKeyValue.h */ = {isa = PBXFileReference; fileEncoding = 4; lastKnownFileType = sourcecode.c.h; path = ReflectionKeyValue.h; sourceTree = "<group>"; };
		4EF7AAC41A6CA51000F9C100 /* ReflectionProperty.h */ = {isa = PBXFileReference; fileEncoding = 4; lastKnownFileType = sourcecode.c.h; path = ReflectionProperty.h; sourceTree = "<group>"; };
		4EF7AAC51A6CA51000F9C100 /* ReflectionProperty.m */ = {isa = PBXFileReference; fileEncoding = 4; lastKnownFileType = sourcecode.c.objc; path = ReflectionProperty.m; sourceTree = "<group>"; };
		7974572B1A753FEF002EED75 /* NetConfigInputProtocol.h */ = {isa = PBXFileReference; fileEncoding = 4; lastKnownFileType = sourcecode.c.h; path = NetConfigInputProtocol.h; sourceTree = "<group>"; };
		7974572D1A754046002EED75 /* NetConfigInput.h */ = {isa = PBXFileReference; fileEncoding = 4; lastKnownFileType = sourcecode.c.h; path = NetConfigInput.h; sourceTree = "<group>"; };
		7974572E1A754046002EED75 /* NetConfigInput.m */ = {isa = PBXFileReference; fileEncoding = 4; lastKnownFileType = sourcecode.c.objc; path = NetConfigInput.m; sourceTree = "<group>"; };
		7977D6D01A584F6300FDCC6C /* NetConfigModelDefaultManager.h */ = {isa = PBXFileReference; fileEncoding = 4; lastKnownFileType = sourcecode.c.h; path = NetConfigModelDefaultManager.h; sourceTree = "<group>"; };
		7977D6D11A584F6300FDCC6C /* NetConfigModelDefaultManager.m */ = {isa = PBXFileReference; fileEncoding = 4; lastKnownFileType = sourcecode.c.objc; path = NetConfigModelDefaultManager.m; sourceTree = "<group>"; };
		7977D6D31A584F6300FDCC6C /* NetConfigDefine.h */ = {isa = PBXFileReference; fileEncoding = 4; lastKnownFileType = sourcecode.c.h; path = NetConfigDefine.h; sourceTree = "<group>"; };
		7977D6D61A584F6300FDCC6C /* NetConfigManager.h */ = {isa = PBXFileReference; fileEncoding = 4; lastKnownFileType = sourcecode.c.h; path = NetConfigManager.h; sourceTree = "<group>"; };
		7977D6D71A584F6300FDCC6C /* NetConfigManager.m */ = {isa = PBXFileReference; fileEncoding = 4; lastKnownFileType = sourcecode.c.objc; path = NetConfigManager.m; sourceTree = "<group>"; };
		7977D6D81A584F6300FDCC6C /* NetConfigModel.h */ = {isa = PBXFileReference; fileEncoding = 4; lastKnownFileType = sourcecode.c.h; path = NetConfigModel.h; sourceTree = "<group>"; };
		7977D6D91A584F6300FDCC6C /* NetConfigModel.m */ = {isa = PBXFileReference; fileEncoding = 4; lastKnownFileType = sourcecode.c.objc; path = NetConfigModel.m; sourceTree = "<group>"; };
		7977D6DA1A584F6300FDCC6C /* NetConfigModelProtocol.h */ = {isa = PBXFileReference; fileEncoding = 4; lastKnownFileType = sourcecode.c.h; path = NetConfigModelProtocol.h; sourceTree = "<group>"; };
		7977D6DB1A584F6300FDCC6C /* NetConfigRequestDataProtocol.h */ = {isa = PBXFileReference; fileEncoding = 4; lastKnownFileType = sourcecode.c.h; path = NetConfigRequestDataProtocol.h; sourceTree = "<group>"; };
		7977D6DC1A584F6300FDCC6C /* NetConfigRequestProtocol.h */ = {isa = PBXFileReference; fileEncoding = 4; lastKnownFileType = sourcecode.c.h; path = NetConfigRequestProtocol.h; sourceTree = "<group>"; };
		7977D6DD1A584F6300FDCC6C /* NetConfigSignProtocol.h */ = {isa = PBXFileReference; fileEncoding = 4; lastKnownFileType = sourcecode.c.h; path = NetConfigSignProtocol.h; sourceTree = "<group>"; };
		7977D6DF1A584F6300FDCC6C /* AFNetWorkRequest.h */ = {isa = PBXFileReference; fileEncoding = 4; lastKnownFileType = sourcecode.c.h; path = AFNetWorkRequest.h; sourceTree = "<group>"; };
		7977D6E01A584F6300FDCC6C /* AFNetWorkRequest.m */ = {isa = PBXFileReference; fileEncoding = 4; lastKnownFileType = sourcecode.c.objc; path = AFNetWorkRequest.m; sourceTree = "<group>"; };
		7977D6E21A584F6300FDCC6C /* NetConfigRequestDataDefaultManager.h */ = {isa = PBXFileReference; fileEncoding = 4; lastKnownFileType = sourcecode.c.h; path = NetConfigRequestDataDefaultManager.h; sourceTree = "<group>"; };
		7977D6E31A584F6300FDCC6C /* NetConfigRequestDataDefaultManager.m */ = {isa = PBXFileReference; fileEncoding = 4; lastKnownFileType = sourcecode.c.objc; path = NetConfigRequestDataDefaultManager.m; sourceTree = "<group>"; };
		7977D6E51A584F6300FDCC6C /* NetConfigDefaultSign.h */ = {isa = PBXFileReference; fileEncoding = 4; lastKnownFileType = sourcecode.c.h; path = NetConfigDefaultSign.h; sourceTree = "<group>"; };
		7977D6E61A584F6300FDCC6C /* NetConfigDefaultSign.m */ = {isa = PBXFileReference; fileEncoding = 4; lastKnownFileType = sourcecode.c.objc; path = NetConfigDefaultSign.m; sourceTree = "<group>"; };
/* End PBXFileReference section */

/* Begin PBXFrameworksBuildPhase section */
		4E5409251A53FF2800EBCD1F /* Frameworks */ = {
			isa = PBXFrameworksBuildPhase;
			buildActionMask = 2147483647;
			files = (
			);
			runOnlyForDeploymentPostprocessing = 0;
		};
		4E54093E1A53FF2800EBCD1F /* Frameworks */ = {
			isa = PBXFrameworksBuildPhase;
			buildActionMask = 2147483647;
			files = (
			);
			runOnlyForDeploymentPostprocessing = 0;
		};
/* End PBXFrameworksBuildPhase section */

/* Begin PBXGroup section */
		4E54091F1A53FF2800EBCD1F = {
			isa = PBXGroup;
			children = (
				4E54092A1A53FF2800EBCD1F /* NetConfigRequest */,
				4E5409441A53FF2800EBCD1F /* NetConfigRequestTests */,
				4E5409291A53FF2800EBCD1F /* Products */,
			);
			sourceTree = "<group>";
		};
		4E5409291A53FF2800EBCD1F /* Products */ = {
			isa = PBXGroup;
			children = (
				4E5409281A53FF2800EBCD1F /* NetConfigRequest.app */,
				4E5409411A53FF2800EBCD1F /* NetConfigRequestTests.xctest */,
			);
			name = Products;
			sourceTree = "<group>";
		};
		4E54092A1A53FF2800EBCD1F /* NetConfigRequest */ = {
			isa = PBXGroup;
			children = (
				4E9B1C521A71084A00505C1D /* Resource */,
				4EF7AAB81A6CA51000F9C100 /* Reflect */,
				4E5409511A53FF9000EBCD1F /* NetConfigRequest */,
				4E54092F1A53FF2800EBCD1F /* AppDelegate.h */,
				4E5409301A53FF2800EBCD1F /* AppDelegate.m */,
				4E5409321A53FF2800EBCD1F /* ViewController.h */,
				4E5409331A53FF2800EBCD1F /* ViewController.m */,
				4E5409351A53FF2800EBCD1F /* Main.storyboard */,
				4E5409381A53FF2800EBCD1F /* Images.xcassets */,
				4E54093A1A53FF2800EBCD1F /* LaunchScreen.xib */,
				4E54092B1A53FF2800EBCD1F /* Supporting Files */,
			);
			path = NetConfigRequest;
			sourceTree = "<group>";
		};
		4E54092B1A53FF2800EBCD1F /* Supporting Files */ = {
			isa = PBXGroup;
			children = (
				4E54092C1A53FF2800EBCD1F /* Info.plist */,
				4E54092D1A53FF2800EBCD1F /* main.m */,
			);
			name = "Supporting Files";
			sourceTree = "<group>";
		};
		4E5409441A53FF2800EBCD1F /* NetConfigRequestTests */ = {
			isa = PBXGroup;
			children = (
				4E9B1C4E1A7105D600505C1D /* NetConfigModelDefaultManagerTest */,
				4E9B1C4A1A71020400505C1D /* Resource */,
				4E5409471A53FF2800EBCD1F /* NetConfigRequestTests.m */,
				4E5409451A53FF2800EBCD1F /* Supporting Files */,
			);
			path = NetConfigRequestTests;
			sourceTree = "<group>";
		};
		4E5409451A53FF2800EBCD1F /* Supporting Files */ = {
			isa = PBXGroup;
			children = (
				4E5409461A53FF2800EBCD1F /* Info.plist */,
			);
			name = "Supporting Files";
			sourceTree = "<group>";
		};
		4E5409511A53FF9000EBCD1F /* NetConfigRequest */ = {
			isa = PBXGroup;
			children = (
				7974572C1A75402B002EED75 /* NetConfigInput */,
				4E9B1C401A70EBFA00505C1D /* NetConfigReflect */,
				7977D6CF1A584F6300FDCC6C /* ModelDataSource */,
				7977D6D21A584F6300FDCC6C /* NetConfig */,
				7977D6DE1A584F6300FDCC6C /* Request */,
				7977D6E11A584F6300FDCC6C /* RequestData */,
				7977D6E41A584F6300FDCC6C /* Sign */,
			);
			path = NetConfigRequest;
			sourceTree = "<group>";
		};
		4E9B1C401A70EBFA00505C1D /* NetConfigReflect */ = {
			isa = PBXGroup;
			children = (
				4E9B1C411A70EC5500505C1D /* NetConfigDefaultReflect.h */,
				4E9B1C421A70EC5500505C1D /* NetConfigDefaultReflect.m */,
			);
			path = NetConfigReflect;
			sourceTree = "<group>";
		};
		4E9B1C4A1A71020400505C1D /* Resource */ = {
			isa = PBXGroup;
			children = (
				4E9B1C4B1A71020400505C1D /* checkout.reqconfig */,
			);
			path = Resource;
			sourceTree = "<group>";
		};
		4E9B1C4E1A7105D600505C1D /* NetConfigModelDefaultManagerTest */ = {
			isa = PBXGroup;
			children = (
				4E9B1C4F1A7105F500505C1D /* NetConfigModelDefaultManagerTest.h */,
				4E9B1C501A7105F500505C1D /* NetConfigModelDefaultManagerTest.m */,
			);
			path = NetConfigModelDefaultManagerTest;
			sourceTree = "<group>";
		};
		4E9B1C521A71084A00505C1D /* Resource */ = {
			isa = PBXGroup;
			children = (
				4E9B1C531A71084A00505C1D /* checkout.reqconfig */,
			);
			path = Resource;
			sourceTree = "<group>";
		};
		4EF7AAB81A6CA51000F9C100 /* Reflect */ = {
			isa = PBXGroup;
			children = (
				4EF7AAB91A6CA51000F9C100 /* NSObject+Reflection.h */,
				4EF7AABA1A6CA51000F9C100 /* NSObject+Reflection.m */,
				4EF7AABB1A6CA51000F9C100 /* ReadValue.h */,
				4EF7AABC1A6CA51000F9C100 /* ReadValue.m */,
				4EF7AABD1A6CA51000F9C100 /* ReflectHeader.h */,
				4EF7AABE1A6CA51000F9C100 /* Reflection.h */,
				4EF7AABF1A6CA51000F9C100 /* Reflection.m */,
				4EF7AAC01A6CA51000F9C100 /* ReflectionDefine.h */,
				4EF7AAC11A6CA51000F9C100 /* ReflectionException.h */,
				4EF7AAC21A6CA51000F9C100 /* ReflectionException.m */,
				4EF7AAC31A6CA51000F9C100 /* ReflectionKeyValue.h */,
				4EF7AAC41A6CA51000F9C100 /* ReflectionProperty.h */,
				4EF7AAC51A6CA51000F9C100 /* ReflectionProperty.m */,
			);
			path = Reflect;
			sourceTree = "<group>";
		};
		7974572C1A75402B002EED75 /* NetConfigInput */ = {
			isa = PBXGroup;
			children = (
				7974572D1A754046002EED75 /* NetConfigInput.h */,
				7974572E1A754046002EED75 /* NetConfigInput.m */,
			);
			path = NetConfigInput;
			sourceTree = "<group>";
		};
		7977D6CF1A584F6300FDCC6C /* ModelDataSource */ = {
			isa = PBXGroup;
			children = (
				7977D6D01A584F6300FDCC6C /* NetConfigModelDefaultManager.h */,
				7977D6D11A584F6300FDCC6C /* NetConfigModelDefaultManager.m */,
			);
			path = ModelDataSource;
			sourceTree = "<group>";
		};
		7977D6D21A584F6300FDCC6C /* NetConfig */ = {
			isa = PBXGroup;
			children = (
				7977D6D31A584F6300FDCC6C /* NetConfigDefine.h */,
				7977D6D61A584F6300FDCC6C /* NetConfigManager.h */,
				7977D6D71A584F6300FDCC6C /* NetConfigManager.m */,
				7977D6D81A584F6300FDCC6C /* NetConfigModel.h */,
				7977D6D91A584F6300FDCC6C /* NetConfigModel.m */,
				7977D6DA1A584F6300FDCC6C /* NetConfigModelProtocol.h */,
				7977D6DB1A584F6300FDCC6C /* NetConfigRequestDataProtocol.h */,
				7977D6DC1A584F6300FDCC6C /* NetConfigRequestProtocol.h */,
				7977D6DD1A584F6300FDCC6C /* NetConfigSignProtocol.h */,
				4E9B1C451A70ECF700505C1D /* NetConfigReflectProtocol.h */,
				7974572B1A753FEF002EED75 /* NetConfigInputProtocol.h */,
			);
			path = NetConfig;
			sourceTree = "<group>";
		};
		7977D6DE1A584F6300FDCC6C /* Request */ = {
			isa = PBXGroup;
			children = (
				7977D6DF1A584F6300FDCC6C /* AFNetWorkRequest.h */,
				7977D6E01A584F6300FDCC6C /* AFNetWorkRequest.m */,
			);
			path = Request;
			sourceTree = "<group>";
		};
		7977D6E11A584F6300FDCC6C /* RequestData */ = {
			isa = PBXGroup;
			children = (
				7977D6E21A584F6300FDCC6C /* NetConfigRequestDataDefaultManager.h */,
				7977D6E31A584F6300FDCC6C /* NetConfigRequestDataDefaultManager.m */,
			);
			path = RequestData;
			sourceTree = "<group>";
		};
		7977D6E41A584F6300FDCC6C /* Sign */ = {
			isa = PBXGroup;
			children = (
				7977D6E51A584F6300FDCC6C /* NetConfigDefaultSign.h */,
				7977D6E61A584F6300FDCC6C /* NetConfigDefaultSign.m */,
			);
			path = Sign;
			sourceTree = "<group>";
		};
/* End PBXGroup section */

/* Begin PBXNativeTarget section */
		4E5409271A53FF2800EBCD1F /* NetConfigRequest */ = {
			isa = PBXNativeTarget;
			buildConfigurationList = 4E54094B1A53FF2800EBCD1F /* Build configuration list for PBXNativeTarget "NetConfigRequest" */;
			buildPhases = (
				4E5409241A53FF2800EBCD1F /* Sources */,
				4E5409251A53FF2800EBCD1F /* Frameworks */,
				4E5409261A53FF2800EBCD1F /* Resources */,
			);
			buildRules = (
			);
			dependencies = (
			);
			name = NetConfigRequest;
			productName = NetConfigRequest;
			productReference = 4E5409281A53FF2800EBCD1F /* NetConfigRequest.app */;
			productType = "com.apple.product-type.application";
		};
		4E5409401A53FF2800EBCD1F /* NetConfigRequestTests */ = {
			isa = PBXNativeTarget;
			buildConfigurationList = 4E54094E1A53FF2800EBCD1F /* Build configuration list for PBXNativeTarget "NetConfigRequestTests" */;
			buildPhases = (
				4E54093D1A53FF2800EBCD1F /* Sources */,
				4E54093E1A53FF2800EBCD1F /* Frameworks */,
				4E54093F1A53FF2800EBCD1F /* Resources */,
			);
			buildRules = (
			);
			dependencies = (
				4E5409431A53FF2800EBCD1F /* PBXTargetDependency */,
			);
			name = NetConfigRequestTests;
			productName = NetConfigRequestTests;
			productReference = 4E5409411A53FF2800EBCD1F /* NetConfigRequestTests.xctest */;
			productType = "com.apple.product-type.bundle.unit-test";
		};
/* End PBXNativeTarget section */

/* Begin PBXProject section */
		4E5409201A53FF2800EBCD1F /* Project object */ = {
			isa = PBXProject;
			attributes = {
				LastUpgradeCheck = 0600;
				ORGANIZATIONNAME = summer.zhu;
				TargetAttributes = {
					4E5409271A53FF2800EBCD1F = {
						CreatedOnToolsVersion = 6.0.1;
					};
					4E5409401A53FF2800EBCD1F = {
						CreatedOnToolsVersion = 6.0.1;
						TestTargetID = 4E5409271A53FF2800EBCD1F;
					};
				};
			};
			buildConfigurationList = 4E5409231A53FF2800EBCD1F /* Build configuration list for PBXProject "NetConfigRequest" */;
			compatibilityVersion = "Xcode 3.2";
			developmentRegion = English;
			hasScannedForEncodings = 0;
			knownRegions = (
				en,
				Base,
			);
			mainGroup = 4E54091F1A53FF2800EBCD1F;
			productRefGroup = 4E5409291A53FF2800EBCD1F /* Products */;
			projectDirPath = "";
			projectRoot = "";
			targets = (
				4E5409271A53FF2800EBCD1F /* NetConfigRequest */,
				4E5409401A53FF2800EBCD1F /* NetConfigRequestTests */,
			);
		};
/* End PBXProject section */

/* Begin PBXResourcesBuildPhase section */
		4E5409261A53FF2800EBCD1F /* Resources */ = {
			isa = PBXResourcesBuildPhase;
			buildActionMask = 2147483647;
			files = (
				4E9B1C541A71084A00505C1D /* checkout.reqconfig in Resources */,
				4E5409371A53FF2800EBCD1F /* Main.storyboard in Resources */,
				4E54093C1A53FF2800EBCD1F /* LaunchScreen.xib in Resources */,
				4E5409391A53FF2800EBCD1F /* Images.xcassets in Resources */,
			);
			runOnlyForDeploymentPostprocessing = 0;
		};
		4E54093F1A53FF2800EBCD1F /* Resources */ = {
			isa = PBXResourcesBuildPhase;
			buildActionMask = 2147483647;
			files = (
				4E9B1C4C1A71020400505C1D /* checkout.reqconfig in Resources */,
			);
			runOnlyForDeploymentPostprocessing = 0;
		};
/* End PBXResourcesBuildPhase section */

/* Begin PBXSourcesBuildPhase section */
		4E5409241A53FF2800EBCD1F /* Sources */ = {
			isa = PBXSourcesBuildPhase;
			buildActionMask = 2147483647;
			files = (
				7977D6EA1A584F6300FDCC6C /* NetConfigModel.m in Sources */,
				4E5409341A53FF2800EBCD1F /* ViewController.m in Sources */,
				4E5409311A53FF2800EBCD1F /* AppDelegate.m in Sources */,
				4EF7AAC61A6CA51000F9C100 /* NSObject+Reflection.m in Sources */,
				4E54092E1A53FF2800EBCD1F /* main.m in Sources */,
				7977D6ED1A584F6300FDCC6C /* NetConfigDefaultSign.m in Sources */,
				4EF7AAC71A6CA51000F9C100 /* ReadValue.m in Sources */,
				7977D6E71A584F6300FDCC6C /* NetConfigModelDefaultManager.m in Sources */,
				7974572F1A754046002EED75 /* NetConfigInput.m in Sources */,
				7977D6EC1A584F6300FDCC6C /* NetConfigRequestDataDefaultManager.m in Sources */,
				4EF7AAC81A6CA51000F9C100 /* Reflection.m in Sources */,
				4E9B1C431A70EC5500505C1D /* NetConfigDefaultReflect.m in Sources */,
				7977D6E91A584F6300FDCC6C /* NetConfigManager.m in Sources */,
				4EF7AACA1A6CA51000F9C100 /* ReflectionProperty.m in Sources */,
				4EF7AAC91A6CA51000F9C100 /* ReflectionException.m in Sources */,
				7977D6EB1A584F6300FDCC6C /* AFNetWorkRequest.m in Sources */,
			);
			runOnlyForDeploymentPostprocessing = 0;
		};
		4E54093D1A53FF2800EBCD1F /* Sources */ = {
			isa = PBXSourcesBuildPhase;
			buildActionMask = 2147483647;
			files = (
				4E5409481A53FF2800EBCD1F /* NetConfigRequestTests.m in Sources */,
				4E9B1C511A7105F500505C1D /* NetConfigModelDefaultManagerTest.m in Sources */,
			);
			runOnlyForDeploymentPostprocessing = 0;
		};
/* End PBXSourcesBuildPhase section */

/* Begin PBXTargetDependency section */
		4E5409431A53FF2800EBCD1F /* PBXTargetDependency */ = {
			isa = PBXTargetDependency;
			target = 4E5409271A53FF2800EBCD1F /* NetConfigRequest */;
			targetProxy = 4E5409421A53FF2800EBCD1F /* PBXContainerItemProxy */;
		};
/* End PBXTargetDependency section */

/* Begin PBXVariantGroup section */
		4E5409351A53FF2800EBCD1F /* Main.storyboard */ = {
			isa = PBXVariantGroup;
			children = (
				4E5409361A53FF2800EBCD1F /* Base */,
			);
			name = Main.storyboard;
			sourceTree = "<group>";
		};
		4E54093A1A53FF2800EBCD1F /* LaunchScreen.xib */ = {
			isa = PBXVariantGroup;
			children = (
				4E54093B1A53FF2800EBCD1F /* Base */,
			);
			name = LaunchScreen.xib;
			sourceTree = "<group>";
		};
/* End PBXVariantGroup section */

/* Begin XCBuildConfiguration section */
		4E5409491A53FF2800EBCD1F /* Debug */ = {
			isa = XCBuildConfiguration;
			buildSettings = {
				ALWAYS_SEARCH_USER_PATHS = NO;
				CLANG_CXX_LANGUAGE_STANDARD = "gnu++0x";
				CLANG_CXX_LIBRARY = "libc++";
				CLANG_ENABLE_MODULES = YES;
				CLANG_ENABLE_OBJC_ARC = YES;
				CLANG_WARN_BOOL_CONVERSION = YES;
				CLANG_WARN_CONSTANT_CONVERSION = YES;
				CLANG_WARN_DIRECT_OBJC_ISA_USAGE = YES_ERROR;
				CLANG_WARN_EMPTY_BODY = YES;
				CLANG_WARN_ENUM_CONVERSION = YES;
				CLANG_WARN_INT_CONVERSION = YES;
				CLANG_WARN_OBJC_ROOT_CLASS = YES_ERROR;
				CLANG_WARN_UNREACHABLE_CODE = YES;
				CLANG_WARN__DUPLICATE_METHOD_MATCH = YES;
				"CODE_SIGN_IDENTITY[sdk=iphoneos*]" = "iPhone Developer";
				COPY_PHASE_STRIP = NO;
				ENABLE_STRICT_OBJC_MSGSEND = YES;
				GCC_C_LANGUAGE_STANDARD = gnu99;
				GCC_DYNAMIC_NO_PIC = NO;
				GCC_OPTIMIZATION_LEVEL = 0;
				GCC_PREPROCESSOR_DEFINITIONS = (
					"DEBUG=1",
					"$(inherited)",
				);
				GCC_SYMBOLS_PRIVATE_EXTERN = NO;
				GCC_WARN_64_TO_32_BIT_CONVERSION = YES;
				GCC_WARN_ABOUT_RETURN_TYPE = YES_ERROR;
				GCC_WARN_UNDECLARED_SELECTOR = YES;
				GCC_WARN_UNINITIALIZED_AUTOS = YES_AGGRESSIVE;
				GCC_WARN_UNUSED_FUNCTION = YES;
				GCC_WARN_UNUSED_VARIABLE = YES;
				IPHONEOS_DEPLOYMENT_TARGET = 8.0;
				MTL_ENABLE_DEBUG_INFO = YES;
				ONLY_ACTIVE_ARCH = YES;
				SDKROOT = iphoneos;
			};
			name = Debug;
		};
		4E54094A1A53FF2800EBCD1F /* Release */ = {
			isa = XCBuildConfiguration;
			buildSettings = {
				ALWAYS_SEARCH_USER_PATHS = NO;
				CLANG_CXX_LANGUAGE_STANDARD = "gnu++0x";
				CLANG_CXX_LIBRARY = "libc++";
				CLANG_ENABLE_MODULES = YES;
				CLANG_ENABLE_OBJC_ARC = YES;
				CLANG_WARN_BOOL_CONVERSION = YES;
				CLANG_WARN_CONSTANT_CONVERSION = YES;
				CLANG_WARN_DIRECT_OBJC_ISA_USAGE = YES_ERROR;
				CLANG_WARN_EMPTY_BODY = YES;
				CLANG_WARN_ENUM_CONVERSION = YES;
				CLANG_WARN_INT_CONVERSION = YES;
				CLANG_WARN_OBJC_ROOT_CLASS = YES_ERROR;
				CLANG_WARN_UNREACHABLE_CODE = YES;
				CLANG_WARN__DUPLICATE_METHOD_MATCH = YES;
				"CODE_SIGN_IDENTITY[sdk=iphoneos*]" = "iPhone Developer";
				COPY_PHASE_STRIP = YES;
				ENABLE_NS_ASSERTIONS = NO;
				ENABLE_STRICT_OBJC_MSGSEND = YES;
				GCC_C_LANGUAGE_STANDARD = gnu99;
				GCC_WARN_64_TO_32_BIT_CONVERSION = YES;
				GCC_WARN_ABOUT_RETURN_TYPE = YES_ERROR;
				GCC_WARN_UNDECLARED_SELECTOR = YES;
				GCC_WARN_UNINITIALIZED_AUTOS = YES_AGGRESSIVE;
				GCC_WARN_UNUSED_FUNCTION = YES;
				GCC_WARN_UNUSED_VARIABLE = YES;
				IPHONEOS_DEPLOYMENT_TARGET = 8.0;
				MTL_ENABLE_DEBUG_INFO = NO;
				SDKROOT = iphoneos;
				VALIDATE_PRODUCT = YES;
			};
			name = Release;
		};
		4E54094C1A53FF2800EBCD1F /* Debug */ = {
			isa = XCBuildConfiguration;
			buildSettings = {
				ASSETCATALOG_COMPILER_APPICON_NAME = AppIcon;
				INFOPLIST_FILE = NetConfigRequest/Info.plist;
				LD_RUNPATH_SEARCH_PATHS = "$(inherited) @executable_path/Frameworks";
				PRODUCT_NAME = "$(TARGET_NAME)";
			};
			name = Debug;
		};
		4E54094D1A53FF2800EBCD1F /* Release */ = {
			isa = XCBuildConfiguration;
			buildSettings = {
				ASSETCATALOG_COMPILER_APPICON_NAME = AppIcon;
				INFOPLIST_FILE = NetConfigRequest/Info.plist;
				LD_RUNPATH_SEARCH_PATHS = "$(inherited) @executable_path/Frameworks";
				PRODUCT_NAME = "$(TARGET_NAME)";
			};
			name = Release;
		};
		4E54094F1A53FF2800EBCD1F /* Debug */ = {
			isa = XCBuildConfiguration;
			buildSettings = {
				BUNDLE_LOADER = "$(TEST_HOST)";
				FRAMEWORK_SEARCH_PATHS = (
					"$(SDKROOT)/Developer/Library/Frameworks",
					"$(inherited)",
				);
				GCC_PREPROCESSOR_DEFINITIONS = (
					"DEBUG=1",
					"$(inherited)",
				);
				INFOPLIST_FILE = NetConfigRequestTests/Info.plist;
				LD_RUNPATH_SEARCH_PATHS = "$(inherited) @executable_path/Frameworks @loader_path/Frameworks";
				PRODUCT_NAME = "$(TARGET_NAME)";
				TEST_HOST = "$(BUILT_PRODUCTS_DIR)/NetConfigRequest.app/NetConfigRequest";
			};
			name = Debug;
		};
		4E5409501A53FF2800EBCD1F /* Release */ = {
			isa = XCBuildConfiguration;
			buildSettings = {
				BUNDLE_LOADER = "$(TEST_HOST)";
				FRAMEWORK_SEARCH_PATHS = (
					"$(SDKROOT)/Developer/Library/Frameworks",
					"$(inherited)",
				);
				INFOPLIST_FILE = NetConfigRequestTests/Info.plist;
				LD_RUNPATH_SEARCH_PATHS = "$(inherited) @executable_path/Frameworks @loader_path/Frameworks";
				PRODUCT_NAME = "$(TARGET_NAME)";
				TEST_HOST = "$(BUILT_PRODUCTS_DIR)/NetConfigRequest.app/NetConfigRequest";
			};
			name = Release;
		};
/* End XCBuildConfiguration section */

/* Begin XCConfigurationList section */
		4E5409231A53FF2800EBCD1F /* Build configuration list for PBXProject "NetConfigRequest" */ = {
			isa = XCConfigurationList;
			buildConfigurations = (
				4E5409491A53FF2800EBCD1F /* Debug */,
				4E54094A1A53FF2800EBCD1F /* Release */,
			);
			defaultConfigurationIsVisible = 0;
			defaultConfigurationName = Release;
		};
		4E54094B1A53FF2800EBCD1F /* Build configuration list for PBXNativeTarget "NetConfigRequest" */ = {
			isa = XCConfigurationList;
			buildConfigurations = (
				4E54094C1A53FF2800EBCD1F /* Debug */,
				4E54094D1A53FF2800EBCD1F /* Release */,
			);
			defaultConfigurationIsVisible = 0;
			defaultConfigurationName = Release;
		};
		4E54094E1A53FF2800EBCD1F /* Build configuration list for PBXNativeTarget "NetConfigRequestTests" */ = {
			isa = XCConfigurationList;
			buildConfigurations = (
				4E54094F1A53FF2800EBCD1F /* Debug */,
				4E5409501A53FF2800EBCD1F /* Release */,
			);
			defaultConfigurationIsVisible = 0;
			defaultConfigurationName = Release;
		};
/* End XCConfigurationList section */
	};
	rootObject = 4E5409201A53FF2800EBCD1F /* Project object */;
}
